{
  "requires": true,
  "lockfileVersion": 1,
  "dependencies": {
    "@seregpie/three.text-sprite": {
      "version": "2.0.0",
      "resolved": "https://registry.npmjs.org/@seregpie/three.text-sprite/-/three.text-sprite-2.0.0.tgz",
      "integrity": "sha512-YaHmMNOmaXDGEOam1/STmVkI/rBdQqfcKlhcgHqhujjUG5skF2uc5cWYig0u3inn0m9oYsp6xqWb3rwtMOdoRg==",
      "requires": {
        "@seregpie/three.text-texture": "^2.0.1"
      }
    },
    "@seregpie/three.text-texture": {
      "version": "2.0.1",
      "resolved": "https://registry.npmjs.org/@seregpie/three.text-texture/-/three.text-texture-2.0.1.tgz",
      "integrity": "sha512-9uO/mP5PyGyl1LqrkObe9OOAwL/jp9rKjdphWf5gUH8LHDJuNy5GQCjr+nKqJG2lGID8gMNNnub1CSALl4BZHw=="
    }
  }
}
